
Microsoft Visual Studio Solution File, Format Version 12.00
# Visual Studio Version 16
VisualStudioVersion = 16.0.29306.81
MinimumVisualStudioVersion = 10.0.40219.1
Project("{FAE04EC0-301F-11D3-BF4B-00C04F79EFBC}") = "ДЗ", "ДЗ\ДЗ.csproj", "{2D154C8C-7DB3-471A-AFE7-521BEA4D82FF}"
EndProject
Global
	GlobalSection(SolutionConfigurationPlatforms) = preSolution
		Debug|Any CPU = Debug|Any CPU
		Release|Any CPU = Release|Any CPU
	EndGlobalSection
	GlobalSection(ProjectConfigurationPlatforms) = postSolution
		{2D154C8C-7DB3-471A-AFE7-521BEA4D82FF}.Debug|Any CPU.ActiveCfg = Debug|Any CPU
		{2D154C8C-7DB3-471A-AFE7-521BEA4D82FF}.Debug|Any CPU.Build.0 = Debug|Any CPU
		{2D154C8C-7DB3-471A-AFE7-521BEA4D82FF}.Release|Any CPU.ActiveCfg = Release|Any CPU
		{2D154C8C-7DB3-471A-AFE7-521BEA4D82FF}.Release|Any CPU.Build.0 = Release|Any CPU
	EndGlobalSection
	GlobalSection(SolutionProperties) = preSolution
		HideSolutionNode = FALSE
	EndGlobalSection
	GlobalSection(ExtensibilityGlobals) = postSolution
		SolutionGuid = {067B237E-0777-4076-8291-C11FAFFBAE27}
	EndGlobalSection
EndGlobal
